
Microsoft Visual Studio Solution File, Format Version 12.00
# Visual Studio 15
VisualStudioVersion = 15.0.26730.16
MinimumVisualStudioVersion = 10.0.40219.1
Project("{8BC9CEB8-8B4A-11D0-8D11-00A0C91BC942}") = "TextGame", "TextGame\TextGame.vcxproj", "{6327DB3C-89F6-4F6A-AFF9-67C936AF2D27}"
EndProject
Project("{2150E333-8FDC-42A3-9474-1A3956D46DE8}") = "3rd-party", "3rd-party", "{3E03C507-908F-4DED-B769-4FF1CFFCC7DD}"
EndProject
Project("{8BC9CEB8-8B4A-11D0-8D11-00A0C91BC942}") = "SOIL", "3rd-party\SOIL\projects\VC9\SOIL.vcxproj", "{C32FB2B4-500C-43CD-A099-EECCE079D3F1}"
EndProject
Project("{8BC9CEB8-8B4A-11D0-8D11-00A0C91BC942}") = "freeglut3", "3rd-party\freeglut3\freeglut3.vcxproj", "{5A98782E-7027-46F9-91E1-E1EDE1E14BF4}"
EndProject
Project("{8BC9CEB8-8B4A-11D0-8D11-00A0C91BC942}") = "OpenGL-2D", "OpenGL-2D\OpenGL-2D.vcxproj", "{A1629DD3-6274-42FD-8F6D-75918D1BB1EC}"
EndProject
Project("{8BC9CEB8-8B4A-11D0-8D11-00A0C91BC942}") = "OpenGL-3D", "OpenGL-3D\OpenGL-3D.vcxproj", "{213043B4-754C-4AF7-8AF5-28AA69F8189B}"
EndProject
Project("{8BC9CEB8-8B4A-11D0-8D11-00A0C91BC942}") = "tinyxml2", "3rd-party\tinyxml2\tinyxml2.vcxproj", "{D1C528B6-AA02-4D29-9D61-DC08E317A70D}"
EndProject
Global
	GlobalSection(SolutionConfigurationPlatforms) = preSolution
		Debug|x64 = Debug|x64
		Debug|x86 = Debug|x86
		Release|x64 = Release|x64
		Release|x86 = Release|x86
	EndGlobalSection
	GlobalSection(ProjectConfigurationPlatforms) = postSolution
		{6327DB3C-89F6-4F6A-AFF9-67C936AF2D27}.Debug|x64.ActiveCfg = Debug|x64
		{6327DB3C-89F6-4F6A-AFF9-67C936AF2D27}.Debug|x64.Build.0 = Debug|x64
		{6327DB3C-89F6-4F6A-AFF9-67C936AF2D27}.Debug|x86.ActiveCfg = Debug|Win32
		{6327DB3C-89F6-4F6A-AFF9-67C936AF2D27}.Debug|x86.Build.0 = Debug|Win32
		{6327DB3C-89F6-4F6A-AFF9-67C936AF2D27}.Release|x64.ActiveCfg = Release|x64
		{6327DB3C-89F6-4F6A-AFF9-67C936AF2D27}.Release|x64.Build.0 = Release|x64
		{6327DB3C-89F6-4F6A-AFF9-67C936AF2D27}.Release|x86.ActiveCfg = Release|Win32
		{6327DB3C-89F6-4F6A-AFF9-67C936AF2D27}.Release|x86.Build.0 = Release|Win32
		{C32FB2B4-500C-43CD-A099-EECCE079D3F1}.Debug|x64.ActiveCfg = Debug|x64
		{C32FB2B4-500C-43CD-A099-EECCE079D3F1}.Debug|x64.Build.0 = Debug|x64
		{C32FB2B4-500C-43CD-A099-EECCE079D3F1}.Debug|x86.ActiveCfg = Debug|Win32
		{C32FB2B4-500C-43CD-A099-EECCE079D3F1}.Debug|x86.Build.0 = Debug|Win32
		{C32FB2B4-500C-43CD-A099-EECCE079D3F1}.Release|x64.ActiveCfg = Release|x64
		{C32FB2B4-500C-43CD-A099-EECCE079D3F1}.Release|x64.Build.0 = Release|x64
		{C32FB2B4-500C-43CD-A099-EECCE079D3F1}.Release|x86.ActiveCfg = Release|Win32
		{C32FB2B4-500C-43CD-A099-EECCE079D3F1}.Release|x86.Build.0 = Release|Win32
		{5A98782E-7027-46F9-91E1-E1EDE1E14BF4}.Debug|x64.ActiveCfg = Debug|x64
		{5A98782E-7027-46F9-91E1-E1EDE1E14BF4}.Debug|x64.Build.0 = Debug|x64
		{5A98782E-7027-46F9-91E1-E1EDE1E14BF4}.Debug|x86.ActiveCfg = Debug|Win32
		{5A98782E-7027-46F9-91E1-E1EDE1E14BF4}.Debug|x86.Build.0 = Debug|Win32
		{5A98782E-7027-46F9-91E1-E1EDE1E14BF4}.Release|x64.ActiveCfg = Release|x64
		{5A98782E-7027-46F9-91E1-E1EDE1E14BF4}.Release|x64.Build.0 = Release|x64
		{5A98782E-7027-46F9-91E1-E1EDE1E14BF4}.Release|x86.ActiveCfg = Release|Win32
		{5A98782E-7027-46F9-91E1-E1EDE1E14BF4}.Release|x86.Build.0 = Release|Win32
		{A1629DD3-6274-42FD-8F6D-75918D1BB1EC}.Debug|x64.ActiveCfg = Debug|x64
		{A1629DD3-6274-42FD-8F6D-75918D1BB1EC}.Debug|x64.Build.0 = Debug|x64
		{A1629DD3-6274-42FD-8F6D-75918D1BB1EC}.Debug|x64.Deploy.0 = Debug|x64
		{A1629DD3-6274-42FD-8F6D-75918D1BB1EC}.Debug|x86.ActiveCfg = Debug|x64
		{A1629DD3-6274-42FD-8F6D-75918D1BB1EC}.Release|x64.ActiveCfg = Release|x64
		{A1629DD3-6274-42FD-8F6D-75918D1BB1EC}.Release|x64.Build.0 = Release|x64
		{A1629DD3-6274-42FD-8F6D-75918D1BB1EC}.Release|x64.Deploy.0 = Release|x64
		{A1629DD3-6274-42FD-8F6D-75918D1BB1EC}.Release|x86.ActiveCfg = Release|x64
		{213043B4-754C-4AF7-8AF5-28AA69F8189B}.Debug|x64.ActiveCfg = Debug|x64
		{213043B4-754C-4AF7-8AF5-28AA69F8189B}.Debug|x64.Build.0 = Debug|x64
		{213043B4-754C-4AF7-8AF5-28AA69F8189B}.Debug|x86.ActiveCfg = Debug|x64
		{213043B4-754C-4AF7-8AF5-28AA69F8189B}.Release|x64.ActiveCfg = Release|x64
		{213043B4-754C-4AF7-8AF5-28AA69F8189B}.Release|x64.Build.0 = Release|x64
		{213043B4-754C-4AF7-8AF5-28AA69F8189B}.Release|x86.ActiveCfg = Release|x64
		{D1C528B6-AA02-4D29-9D61-DC08E317A70D}.Debug|x64.ActiveCfg = Debug|x64
		{D1C528B6-AA02-4D29-9D61-DC08E317A70D}.Debug|x64.Build.0 = Debug|x64
		{D1C528B6-AA02-4D29-9D61-DC08E317A70D}.Debug|x86.ActiveCfg = Debug|Win32
		{D1C528B6-AA02-4D29-9D61-DC08E317A70D}.Debug|x86.Build.0 = Debug|Win32
		{D1C528B6-AA02-4D29-9D61-DC08E317A70D}.Release|x64.ActiveCfg = Release|x64
		{D1C528B6-AA02-4D29-9D61-DC08E317A70D}.Release|x64.Build.0 = Release|x64
		{D1C528B6-AA02-4D29-9D61-DC08E317A70D}.Release|x86.ActiveCfg = Release|Win32
		{D1C528B6-AA02-4D29-9D61-DC08E317A70D}.Release|x86.Build.0 = Release|Win32
	EndGlobalSection
	GlobalSection(SolutionProperties) = preSolution
		HideSolutionNode = FALSE
	EndGlobalSection
	GlobalSection(NestedProjects) = preSolution
		{C32FB2B4-500C-43CD-A099-EECCE079D3F1} = {3E03C507-908F-4DED-B769-4FF1CFFCC7DD}
		{5A98782E-7027-46F9-91E1-E1EDE1E14BF4} = {3E03C507-908F-4DED-B769-4FF1CFFCC7DD}
		{D1C528B6-AA02-4D29-9D61-DC08E317A70D} = {3E03C507-908F-4DED-B769-4FF1CFFCC7DD}
	EndGlobalSection
	GlobalSection(ExtensibilityGlobals) = postSolution
		SolutionGuid = {A7966580-7F69-4477-8FC0-0319C3B64017}
	EndGlobalSection
EndGlobal
